
Microsoft Visual Studio Solution File, Format Version 12.00
# Visual Studio Version 16
VisualStudioVersion = 16.0.30503.244
MinimumVisualStudioVersion = 10.0.40219.1
Project("{FAE04EC0-301F-11D3-BF4B-00C04F79EFBC}") = "projet 09 11 2020", "projet 09 11 2020\projet 09 11 2020.csproj", "{D210D884-6810-43E4-92E1-862A4CFBFB87}"
EndProject
Global
	GlobalSection(SolutionConfigurationPlatforms) = preSolution
		Debug|Any CPU = Debug|Any CPU
		Release|Any CPU = Release|Any CPU
	EndGlobalSection
	GlobalSection(ProjectConfigurationPlatforms) = postSolution
		{D210D884-6810-43E4-92E1-862A4CFBFB87}.Debug|Any CPU.ActiveCfg = Debug|Any CPU
		{D210D884-6810-43E4-92E1-862A4CFBFB87}.Debug|Any CPU.Build.0 = Debug|Any CPU
		{D210D884-6810-43E4-92E1-862A4CFBFB87}.Release|Any CPU.ActiveCfg = Release|Any CPU
		{D210D884-6810-43E4-92E1-862A4CFBFB87}.Release|Any CPU.Build.0 = Release|Any CPU
	EndGlobalSection
	GlobalSection(SolutionProperties) = preSolution
		HideSolutionNode = FALSE
	EndGlobalSection
	GlobalSection(ExtensibilityGlobals) = postSolution
		SolutionGuid = {DC9C95EF-8D5E-4B97-9AC6-DA839FBA29C4}
	EndGlobalSection
EndGlobal
